
Microsoft Visual Studio Solution File, Format Version 12.00
# Visual Studio Version 17
VisualStudioVersion = 17.13.35913.81 d17.13
MinimumVisualStudioVersion = 10.0.40219.1
Project("{FAE04EC0-301F-11D3-BF4B-00C04F79EFBC}") = "Okulprojesi_ilkdepoErhan", "Okulprojesi_ilkdepoErhan.csproj", "{C91BC027-9EFF-46A8-A0E7-2F04F914DA20}"
EndProject
Global
	GlobalSection(SolutionConfigurationPlatforms) = preSolution
		Debug|Any CPU = Debug|Any CPU
		Release|Any CPU = Release|Any CPU
	EndGlobalSection
	GlobalSection(ProjectConfigurationPlatforms) = postSolution
		{C91BC027-9EFF-46A8-A0E7-2F04F914DA20}.Debug|Any CPU.ActiveCfg = Debug|Any CPU
		{C91BC027-9EFF-46A8-A0E7-2F04F914DA20}.Debug|Any CPU.Build.0 = Debug|Any CPU
		{C91BC027-9EFF-46A8-A0E7-2F04F914DA20}.Release|Any CPU.ActiveCfg = Release|Any CPU
		{C91BC027-9EFF-46A8-A0E7-2F04F914DA20}.Release|Any CPU.Build.0 = Release|Any CPU
	EndGlobalSection
	GlobalSection(SolutionProperties) = preSolution
		HideSolutionNode = FALSE
	EndGlobalSection
	GlobalSection(ExtensibilityGlobals) = postSolution
		SolutionGuid = {ECE4A9DE-F899-4677-9B3C-EB07B4A4FFE8}
	EndGlobalSection
EndGlobal
